// !$*UTF8*$!
{
	archiveVersion = 1;
	classes = {
	};
	objectVersion = 50;
	objects = {

/* Begin PBXBuildFile section */
		2E792C0325BA4A4A00515D76 /* showProfileViewController.swift in Sources */ = {isa = PBXBuildFile; fileRef = 2E792C0225BA4A4A00515D76 /* showProfileViewController.swift */; };
		2E792C5125BB7DB100515D76 /* RecipeAndCalorieManagerModel.xcdatamodeld in Sources */ = {isa = PBXBuildFile; fileRef = 2E792C4F25BB7DB100515D76 /* RecipeAndCalorieManagerModel.xcdatamodeld */; };
		2E792C5525BB848400515D76 /* Person+CoreDataClass.swift in Sources */ = {isa = PBXBuildFile; fileRef = 2E792C5325BB848400515D76 /* Person+CoreDataClass.swift */; };
		2E792C5625BB848400515D76 /* Person+CoreDataProperties.swift in Sources */ = {isa = PBXBuildFile; fileRef = 2E792C5425BB848400515D76 /* Person+CoreDataProperties.swift */; };
		2E792D3D25BF6D7000515D76 /* EditProfileViewController.swift in Sources */ = {isa = PBXBuildFile; fileRef = 2E792D3C25BF6D7000515D76 /* EditProfileViewController.swift */; };
		2E792D4425BFAC9100515D76 /* Profile.swift in Sources */ = {isa = PBXBuildFile; fileRef = 2E792D4325BFAC9000515D76 /* Profile.swift */; };
		526B350225B6430700BAE8D9 /* AppDelegate.swift in Sources */ = {isa = PBXBuildFile; fileRef = 526B350125B6430700BAE8D9 /* AppDelegate.swift */; };
		526B350425B6430700BAE8D9 /* SceneDelegate.swift in Sources */ = {isa = PBXBuildFile; fileRef = 526B350325B6430700BAE8D9 /* SceneDelegate.swift */; };
		526B350625B6430700BAE8D9 /* WelcomeViewController.swift in Sources */ = {isa = PBXBuildFile; fileRef = 526B350525B6430700BAE8D9 /* WelcomeViewController.swift */; };
		526B350925B6430700BAE8D9 /* Main.storyboard in Resources */ = {isa = PBXBuildFile; fileRef = 526B350725B6430700BAE8D9 /* Main.storyboard */; };
		526B350B25B6430E00BAE8D9 /* Assets.xcassets in Resources */ = {isa = PBXBuildFile; fileRef = 526B350A25B6430E00BAE8D9 /* Assets.xcassets */; };
		526B350E25B6430E00BAE8D9 /* LaunchScreen.storyboard in Resources */ = {isa = PBXBuildFile; fileRef = 526B350C25B6430E00BAE8D9 /* LaunchScreen.storyboard */; };
		526B351B25B64D6500BAE8D9 /* Nutrition.swift in Sources */ = {isa = PBXBuildFile; fileRef = 526B351A25B64D6500BAE8D9 /* Nutrition.swift */; };
		526B352225B6609100BAE8D9 /* API.swift in Sources */ = {isa = PBXBuildFile; fileRef = 526B352125B6609100BAE8D9 /* API.swift */; };
		52FF46BD25B6799600B3888F /* NutritionAPI.swift in Sources */ = {isa = PBXBuildFile; fileRef = 52FF46BC25B6799600B3888F /* NutritionAPI.swift */; };
		52FF46D525B79F2D00B3888F /* AddIngredientsViewController.swift in Sources */ = {isa = PBXBuildFile; fileRef = 52FF46D425B79F2D00B3888F /* AddIngredientsViewController.swift */; };
		52FF46D825B7B3B900B3888F /* IngredientTableViewCell.swift in Sources */ = {isa = PBXBuildFile; fileRef = 52FF46D725B7B3B900B3888F /* IngredientTableViewCell.swift */; };
		52FF46E025B940D600B3888F /* AnimateLabelTotals.swift in Sources */ = {isa = PBXBuildFile; fileRef = 52FF46DF25B940D600B3888F /* AnimateLabelTotals.swift */; };
		52FF46E925BA446400B3888F /* Recipes.swift in Sources */ = {isa = PBXBuildFile; fileRef = 52FF46E825BA446400B3888F /* Recipes.swift */; };
		52FF472525BB874000B3888F /* NutritionFactsTableViewCell.swift in Sources */ = {isa = PBXBuildFile; fileRef = 52FF472425BB874000B3888F /* NutritionFactsTableViewCell.swift */; };
		52FF472A25BB991000B3888F /* SaveRecipeTableViewCell.swift in Sources */ = {isa = PBXBuildFile; fileRef = 52FF472925BB991000B3888F /* SaveRecipeTableViewCell.swift */; };
		52FF472F25BD04E200B3888F /* EditIngredientViewController.swift in Sources */ = {isa = PBXBuildFile; fileRef = 52FF472E25BD04E200B3888F /* EditIngredientViewController.swift */; };
		52FF473225BD405800B3888F /* SaveIngredientTableViewCell.swift in Sources */ = {isa = PBXBuildFile; fileRef = 52FF473125BD405800B3888F /* SaveIngredientTableViewCell.swift */; };
		52FF473625BE8CF800B3888F /* UIColor+Theme.swift in Sources */ = {isa = PBXBuildFile; fileRef = 52FF473525BE8CF700B3888F /* UIColor+Theme.swift */; };
		FA0EB5D125B759950085BCE7 /* MainTabBarController.swift in Sources */ = {isa = PBXBuildFile; fileRef = FA0EB5D025B759950085BCE7 /* MainTabBarController.swift */; };
		FA0EB5D925B75F360085BCE7 /* ProfileViewController.swift in Sources */ = {isa = PBXBuildFile; fileRef = FA0EB5D825B75F360085BCE7 /* ProfileViewController.swift */; };
		FA0EB5DC25B75F5C0085BCE7 /* AddRecipeViewController.swift in Sources */ = {isa = PBXBuildFile; fileRef = FA0EB5DB25B75F5C0085BCE7 /* AddRecipeViewController.swift */; };
		FAA2FBF525BDE4FA00CD300F /* MenuTotalCalorieDetailTableViewCell.swift in Sources */ = {isa = PBXBuildFile; fileRef = FAA2FBF425BDE4FA00CD300F /* MenuTotalCalorieDetailTableViewCell.swift */; };
		FAAA842F25BF361800DFFBEB /* RecipeListViewController.swift in Sources */ = {isa = PBXBuildFile; fileRef = FAAA842E25BF361800DFFBEB /* RecipeListViewController.swift */; };
		FAAA843225BF362300DFFBEB /* MenuTotalCalorieDetailListViewController.swift in Sources */ = {isa = PBXBuildFile; fileRef = FAAA843125BF362300DFFBEB /* MenuTotalCalorieDetailListViewController.swift */; };
		FAAA843E25BFE33200DFFBEB /* CheckIngredientsDetailViewController.swift in Sources */ = {isa = PBXBuildFile; fileRef = FAAA843D25BFE33200DFFBEB /* CheckIngredientsDetailViewController.swift */; };
		FAAA844425BFF6CA00DFFBEB /* CheckIngredientsDetailTableViewCell.swift in Sources */ = {isa = PBXBuildFile; fileRef = FAAA844325BFF6CA00DFFBEB /* CheckIngredientsDetailTableViewCell.swift */; };
/* End PBXBuildFile section */

/* Begin PBXFileReference section */
		2E792C0225BA4A4A00515D76 /* showProfileViewController.swift */ = {isa = PBXFileReference; lastKnownFileType = sourcecode.swift; path = showProfileViewController.swift; sourceTree = "<group>"; };
		2E792C5025BB7DB100515D76 /* RecipeAndCalorieManagerModel.xcdatamodel */ = {isa = PBXFileReference; lastKnownFileType = wrapper.xcdatamodel; path = RecipeAndCalorieManagerModel.xcdatamodel; sourceTree = "<group>"; };
		2E792C5325BB848400515D76 /* Person+CoreDataClass.swift */ = {isa = PBXFileReference; lastKnownFileType = sourcecode.swift; path = "Person+CoreDataClass.swift"; sourceTree = "<group>"; };
		2E792C5425BB848400515D76 /* Person+CoreDataProperties.swift */ = {isa = PBXFileReference; lastKnownFileType = sourcecode.swift; path = "Person+CoreDataProperties.swift"; sourceTree = "<group>"; };
		2E792D3C25BF6D7000515D76 /* EditProfileViewController.swift */ = {isa = PBXFileReference; lastKnownFileType = sourcecode.swift; path = EditProfileViewController.swift; sourceTree = "<group>"; };
		2E792D4325BFAC9000515D76 /* Profile.swift */ = {isa = PBXFileReference; lastKnownFileType = sourcecode.swift; path = Profile.swift; sourceTree = "<group>"; };
		526B34FE25B6430700BAE8D9 /* Recipe and Calorie Manager.app */ = {isa = PBXFileReference; explicitFileType = wrapper.application; includeInIndex = 0; path = "Recipe and Calorie Manager.app"; sourceTree = BUILT_PRODUCTS_DIR; };
		526B350125B6430700BAE8D9 /* AppDelegate.swift */ = {isa = PBXFileReference; lastKnownFileType = sourcecode.swift; path = AppDelegate.swift; sourceTree = "<group>"; };
		526B350325B6430700BAE8D9 /* SceneDelegate.swift */ = {isa = PBXFileReference; lastKnownFileType = sourcecode.swift; path = SceneDelegate.swift; sourceTree = "<group>"; };
		526B350525B6430700BAE8D9 /* WelcomeViewController.swift */ = {isa = PBXFileReference; lastKnownFileType = sourcecode.swift; path = WelcomeViewController.swift; sourceTree = "<group>"; };
		526B350825B6430700BAE8D9 /* Base */ = {isa = PBXFileReference; lastKnownFileType = file.storyboard; name = Base; path = Base.lproj/Main.storyboard; sourceTree = "<group>"; };
		526B350A25B6430E00BAE8D9 /* Assets.xcassets */ = {isa = PBXFileReference; lastKnownFileType = folder.assetcatalog; path = Assets.xcassets; sourceTree = "<group>"; };
		526B350D25B6430E00BAE8D9 /* Base */ = {isa = PBXFileReference; lastKnownFileType = file.storyboard; name = Base; path = Base.lproj/LaunchScreen.storyboard; sourceTree = "<group>"; };
		526B350F25B6430E00BAE8D9 /* Info.plist */ = {isa = PBXFileReference; lastKnownFileType = text.plist.xml; path = Info.plist; sourceTree = "<group>"; };
		526B351A25B64D6500BAE8D9 /* Nutrition.swift */ = {isa = PBXFileReference; lastKnownFileType = sourcecode.swift; path = Nutrition.swift; sourceTree = "<group>"; };
		526B352125B6609100BAE8D9 /* API.swift */ = {isa = PBXFileReference; lastKnownFileType = sourcecode.swift; path = API.swift; sourceTree = "<group>"; };
		52FF46BC25B6799600B3888F /* NutritionAPI.swift */ = {isa = PBXFileReference; fileEncoding = 4; lastKnownFileType = sourcecode.swift; path = NutritionAPI.swift; sourceTree = "<group>"; };
		52FF46D425B79F2D00B3888F /* AddIngredientsViewController.swift */ = {isa = PBXFileReference; lastKnownFileType = sourcecode.swift; path = AddIngredientsViewController.swift; sourceTree = "<group>"; };
		52FF46D725B7B3B900B3888F /* IngredientTableViewCell.swift */ = {isa = PBXFileReference; lastKnownFileType = sourcecode.swift; path = IngredientTableViewCell.swift; sourceTree = "<group>"; };
		52FF46DF25B940D600B3888F /* AnimateLabelTotals.swift */ = {isa = PBXFileReference; lastKnownFileType = sourcecode.swift; path = AnimateLabelTotals.swift; sourceTree = "<group>"; };
		52FF46E825BA446400B3888F /* Recipes.swift */ = {isa = PBXFileReference; lastKnownFileType = sourcecode.swift; path = Recipes.swift; sourceTree = "<group>"; };
		52FF472425BB874000B3888F /* NutritionFactsTableViewCell.swift */ = {isa = PBXFileReference; lastKnownFileType = sourcecode.swift; path = NutritionFactsTableViewCell.swift; sourceTree = "<group>"; };
		52FF472925BB991000B3888F /* SaveRecipeTableViewCell.swift */ = {isa = PBXFileReference; lastKnownFileType = sourcecode.swift; path = SaveRecipeTableViewCell.swift; sourceTree = "<group>"; };
		52FF472E25BD04E200B3888F /* EditIngredientViewController.swift */ = {isa = PBXFileReference; lastKnownFileType = sourcecode.swift; path = EditIngredientViewController.swift; sourceTree = "<group>"; };
		52FF473125BD405800B3888F /* SaveIngredientTableViewCell.swift */ = {isa = PBXFileReference; lastKnownFileType = sourcecode.swift; path = SaveIngredientTableViewCell.swift; sourceTree = "<group>"; };
		52FF473525BE8CF700B3888F /* UIColor+Theme.swift */ = {isa = PBXFileReference; lastKnownFileType = sourcecode.swift; path = "UIColor+Theme.swift"; sourceTree = "<group>"; };
		FA0EB5D025B759950085BCE7 /* MainTabBarController.swift */ = {isa = PBXFileReference; lastKnownFileType = sourcecode.swift; path = MainTabBarController.swift; sourceTree = "<group>"; };
		FA0EB5D825B75F360085BCE7 /* ProfileViewController.swift */ = {isa = PBXFileReference; lastKnownFileType = sourcecode.swift; path = ProfileViewController.swift; sourceTree = "<group>"; wrapsLines = 1; };
		FA0EB5DB25B75F5C0085BCE7 /* AddRecipeViewController.swift */ = {isa = PBXFileReference; lastKnownFileType = sourcecode.swift; path = AddRecipeViewController.swift; sourceTree = "<group>"; };
		FAA2FBF425BDE4FA00CD300F /* MenuTotalCalorieDetailTableViewCell.swift */ = {isa = PBXFileReference; lastKnownFileType = sourcecode.swift; path = MenuTotalCalorieDetailTableViewCell.swift; sourceTree = "<group>"; };
		FAAA842E25BF361800DFFBEB /* RecipeListViewController.swift */ = {isa = PBXFileReference; fileEncoding = 4; lastKnownFileType = sourcecode.swift; path = RecipeListViewController.swift; sourceTree = "<group>"; };
		FAAA843125BF362300DFFBEB /* MenuTotalCalorieDetailListViewController.swift */ = {isa = PBXFileReference; fileEncoding = 4; lastKnownFileType = sourcecode.swift; path = MenuTotalCalorieDetailListViewController.swift; sourceTree = "<group>"; };
		FAAA843D25BFE33200DFFBEB /* CheckIngredientsDetailViewController.swift */ = {isa = PBXFileReference; lastKnownFileType = sourcecode.swift; path = CheckIngredientsDetailViewController.swift; sourceTree = "<group>"; };
		FAAA844325BFF6CA00DFFBEB /* CheckIngredientsDetailTableViewCell.swift */ = {isa = PBXFileReference; lastKnownFileType = sourcecode.swift; path = CheckIngredientsDetailTableViewCell.swift; sourceTree = "<group>"; };
/* End PBXFileReference section */

/* Begin PBXFrameworksBuildPhase section */
		526B34FB25B6430700BAE8D9 /* Frameworks */ = {
			isa = PBXFrameworksBuildPhase;
			buildActionMask = 2147483647;
			files = (
			);
			runOnlyForDeploymentPostprocessing = 0;
		};
/* End PBXFrameworksBuildPhase section */

/* Begin PBXGroup section */
		526B34F525B6430700BAE8D9 = {
			isa = PBXGroup;
			children = (
				526B350025B6430700BAE8D9 /* Recipe and Calorie Manager */,
				526B34FF25B6430700BAE8D9 /* Products */,
			);
			sourceTree = "<group>";
		};
		526B34FF25B6430700BAE8D9 /* Products */ = {
			isa = PBXGroup;
			children = (
				526B34FE25B6430700BAE8D9 /* Recipe and Calorie Manager.app */,
			);
			name = Products;
			sourceTree = "<group>";
		};
		526B350025B6430700BAE8D9 /* Recipe and Calorie Manager */ = {
			isa = PBXGroup;
			children = (
				52FF473425BE8CE100B3888F /* Utilities */,
				2E792C5325BB848400515D76 /* Person+CoreDataClass.swift */,
				2E792C5425BB848400515D76 /* Person+CoreDataProperties.swift */,
				2E792C4F25BB7DB100515D76 /* RecipeAndCalorieManagerModel.xcdatamodeld */,
				FA0EB5DF25B75FE00085BCE7 /* ViewControllers */,
				526B351925B64D0A00BAE8D9 /* API */,
				526B350125B6430700BAE8D9 /* AppDelegate.swift */,
				526B350325B6430700BAE8D9 /* SceneDelegate.swift */,
				FA0EB5D025B759950085BCE7 /* MainTabBarController.swift */,
				526B350725B6430700BAE8D9 /* Main.storyboard */,
				526B350A25B6430E00BAE8D9 /* Assets.xcassets */,
				526B350C25B6430E00BAE8D9 /* LaunchScreen.storyboard */,
				526B350F25B6430E00BAE8D9 /* Info.plist */,
			);
			path = "Recipe and Calorie Manager";
			sourceTree = "<group>";
		};
		526B351925B64D0A00BAE8D9 /* API */ = {
			isa = PBXGroup;
			children = (
				526B351A25B64D6500BAE8D9 /* Nutrition.swift */,
				52FF46E825BA446400B3888F /* Recipes.swift */,
				52FF46BC25B6799600B3888F /* NutritionAPI.swift */,
				526B352125B6609100BAE8D9 /* API.swift */,
			);
			path = API;
			sourceTree = "<group>";
		};
		52FF472725BB8E8F00B3888F /* Add Recipe */ = {
			isa = PBXGroup;
			children = (
				52FF46D425B79F2D00B3888F /* AddIngredientsViewController.swift */,
				52FF472E25BD04E200B3888F /* EditIngredientViewController.swift */,
				52FF46D725B7B3B900B3888F /* IngredientTableViewCell.swift */,
				52FF46DF25B940D600B3888F /* AnimateLabelTotals.swift */,
				52FF472425BB874000B3888F /* NutritionFactsTableViewCell.swift */,
				52FF472925BB991000B3888F /* SaveRecipeTableViewCell.swift */,
				52FF473125BD405800B3888F /* SaveIngredientTableViewCell.swift */,
				FA0EB5DB25B75F5C0085BCE7 /* AddRecipeViewController.swift */,
			);
			path = "Add Recipe";
			sourceTree = "<group>";
		};
		52FF473425BE8CE100B3888F /* Utilities */ = {
			isa = PBXGroup;
			children = (
				52FF473525BE8CF700B3888F /* UIColor+Theme.swift */,
			);
			path = Utilities;
			sourceTree = "<group>";
		};
		FA0EB5DF25B75FE00085BCE7 /* ViewControllers */ = {
			isa = PBXGroup;
			children = (
				FA0EB5D825B75F360085BCE7 /* ProfileViewController.swift */,
				2E792C0225BA4A4A00515D76 /* showProfileViewController.swift */,
				2E792D3C25BF6D7000515D76 /* EditProfileViewController.swift */,
				2E792D4325BFAC9000515D76 /* Profile.swift */,
				FAA2FBF325BDE4C500CD300F /* Recipe List */,
				526B350525B6430700BAE8D9 /* WelcomeViewController.swift */,
				52FF472725BB8E8F00B3888F /* Add Recipe */,
			);
			path = ViewControllers;
			sourceTree = "<group>";
		};
		FAA2FBF325BDE4C500CD300F /* Recipe List */ = {
			isa = PBXGroup;
			children = (
				FAA2FBF425BDE4FA00CD300F /* MenuTotalCalorieDetailTableViewCell.swift */,
				FAAA843125BF362300DFFBEB /* MenuTotalCalorieDetailListViewController.swift */,
				FAAA842E25BF361800DFFBEB /* RecipeListViewController.swift */,
				FAAA843D25BFE33200DFFBEB /* CheckIngredientsDetailViewController.swift */,
				FAAA844325BFF6CA00DFFBEB /* CheckIngredientsDetailTableViewCell.swift */,
			);
			path = "Recipe List";
			sourceTree = "<group>";
		};
/* End PBXGroup section */

/* Begin PBXNativeTarget section */
		526B34FD25B6430700BAE8D9 /* Recipe and Calorie Manager */ = {
			isa = PBXNativeTarget;
			buildConfigurationList = 526B351225B6430E00BAE8D9 /* Build configuration list for PBXNativeTarget "Recipe and Calorie Manager" */;
			buildPhases = (
				526B34FA25B6430700BAE8D9 /* Sources */,
				526B34FB25B6430700BAE8D9 /* Frameworks */,
				526B34FC25B6430700BAE8D9 /* Resources */,
			);
			buildRules = (
			);
			dependencies = (
			);
			name = "Recipe and Calorie Manager";
			productName = "Recipe and Calorie Manager";
			productReference = 526B34FE25B6430700BAE8D9 /* Recipe and Calorie Manager.app */;
			productType = "com.apple.product-type.application";
		};
/* End PBXNativeTarget section */

/* Begin PBXProject section */
		526B34F625B6430700BAE8D9 /* Project object */ = {
			isa = PBXProject;
			attributes = {
				KnownAssetTags = (
					New,
				);
				LastSwiftUpdateCheck = 1230;
				LastUpgradeCheck = 1230;
				TargetAttributes = {
					526B34FD25B6430700BAE8D9 = {
						CreatedOnToolsVersion = 12.3;
					};
				};
			};
			buildConfigurationList = 526B34F925B6430700BAE8D9 /* Build configuration list for PBXProject "Recipe and Calorie Manager" */;
			compatibilityVersion = "Xcode 9.3";
			developmentRegion = en;
			hasScannedForEncodings = 0;
			knownRegions = (
				en,
				Base,
			);
			mainGroup = 526B34F525B6430700BAE8D9;
			productRefGroup = 526B34FF25B6430700BAE8D9 /* Products */;
			projectDirPath = "";
			projectRoot = "";
			targets = (
				526B34FD25B6430700BAE8D9 /* Recipe and Calorie Manager */,
			);
		};
/* End PBXProject section */

/* Begin PBXResourcesBuildPhase section */
		526B34FC25B6430700BAE8D9 /* Resources */ = {
			isa = PBXResourcesBuildPhase;
			buildActionMask = 2147483647;
			files = (
				526B350E25B6430E00BAE8D9 /* LaunchScreen.storyboard in Resources */,
				526B350B25B6430E00BAE8D9 /* Assets.xcassets in Resources */,
				526B350925B6430700BAE8D9 /* Main.storyboard in Resources */,
			);
			runOnlyForDeploymentPostprocessing = 0;
		};
/* End PBXResourcesBuildPhase section */

/* Begin PBXSourcesBuildPhase section */
		526B34FA25B6430700BAE8D9 /* Sources */ = {
			isa = PBXSourcesBuildPhase;
			buildActionMask = 2147483647;
			files = (
				2E792D3D25BF6D7000515D76 /* EditProfileViewController.swift in Sources */,
				2E792C5125BB7DB100515D76 /* RecipeAndCalorieManagerModel.xcdatamodeld in Sources */,
				526B350625B6430700BAE8D9 /* WelcomeViewController.swift in Sources */,
				FAAA842F25BF361800DFFBEB /* RecipeListViewController.swift in Sources */,
				FAA2FBF525BDE4FA00CD300F /* MenuTotalCalorieDetailTableViewCell.swift in Sources */,
				FAAA843225BF362300DFFBEB /* MenuTotalCalorieDetailListViewController.swift in Sources */,
				2E792C0325BA4A4A00515D76 /* showProfileViewController.swift in Sources */,
				52FF46BD25B6799600B3888F /* NutritionAPI.swift in Sources */,
				52FF473225BD405800B3888F /* SaveIngredientTableViewCell.swift in Sources */,
				FA0EB5DC25B75F5C0085BCE7 /* AddRecipeViewController.swift in Sources */,
				52FF472525BB874000B3888F /* NutritionFactsTableViewCell.swift in Sources */,
				526B350225B6430700BAE8D9 /* AppDelegate.swift in Sources */,
				52FF472A25BB991000B3888F /* SaveRecipeTableViewCell.swift in Sources */,
				52FF473625BE8CF800B3888F /* UIColor+Theme.swift in Sources */,
				FA0EB5D125B759950085BCE7 /* MainTabBarController.swift in Sources */,
				526B351B25B64D6500BAE8D9 /* Nutrition.swift in Sources */,
				52FF46E025B940D600B3888F /* AnimateLabelTotals.swift in Sources */,
				52FF46D525B79F2D00B3888F /* AddIngredientsViewController.swift in Sources */,
				52FF472F25BD04E200B3888F /* EditIngredientViewController.swift in Sources */,
				52FF46D825B7B3B900B3888F /* IngredientTableViewCell.swift in Sources */,
				2E792C5625BB848400515D76 /* Person+CoreDataProperties.swift in Sources */,
				FAAA843E25BFE33200DFFBEB /* CheckIngredientsDetailViewController.swift in Sources */,
				52FF46E925BA446400B3888F /* Recipes.swift in Sources */,
				2E792C5525BB848400515D76 /* Person+CoreDataClass.swift in Sources */,
				FA0EB5D925B75F360085BCE7 /* ProfileViewController.swift in Sources */,
				FAAA844425BFF6CA00DFFBEB /* CheckIngredientsDetailTableViewCell.swift in Sources */,
				526B350425B6430700BAE8D9 /* SceneDelegate.swift in Sources */,
				2E792D4425BFAC9100515D76 /* Profile.swift in Sources */,
				526B352225B6609100BAE8D9 /* API.swift in Sources */,
			);
			runOnlyForDeploymentPostprocessing = 0;
		};
/* End PBXSourcesBuildPhase section */

/* Begin PBXVariantGroup section */
		526B350725B6430700BAE8D9 /* Main.storyboard */ = {
			isa = PBXVariantGroup;
			children = (
				526B350825B6430700BAE8D9 /* Base */,
			);
			name = Main.storyboard;
			sourceTree = "<group>";
		};
		526B350C25B6430E00BAE8D9 /* LaunchScreen.storyboard */ = {
			isa = PBXVariantGroup;
			children = (
				526B350D25B6430E00BAE8D9 /* Base */,
			);
			name = LaunchScreen.storyboard;
			sourceTree = "<group>";
		};
/* End PBXVariantGroup section */

/* Begin XCBuildConfiguration section */
		526B351025B6430E00BAE8D9 /* Debug */ = {
			isa = XCBuildConfiguration;
			buildSettings = {
				ALWAYS_SEARCH_USER_PATHS = NO;
				CLANG_ANALYZER_NONNULL = YES;
				CLANG_ANALYZER_NUMBER_OBJECT_CONVERSION = YES_AGGRESSIVE;
				CLANG_CXX_LANGUAGE_STANDARD = "gnu++14";
				CLANG_CXX_LIBRARY = "libc++";
				CLANG_ENABLE_MODULES = YES;
				CLANG_ENABLE_OBJC_ARC = YES;
				CLANG_ENABLE_OBJC_WEAK = YES;
				CLANG_WARN_BLOCK_CAPTURE_AUTORELEASING = YES;
				CLANG_WARN_BOOL_CONVERSION = YES;
				CLANG_WARN_COMMA = YES;
				CLANG_WARN_CONSTANT_CONVERSION = YES;
				CLANG_WARN_DEPRECATED_OBJC_IMPLEMENTATIONS = YES;
				CLANG_WARN_DIRECT_OBJC_ISA_USAGE = YES_ERROR;
				CLANG_WARN_DOCUMENTATION_COMMENTS = YES;
				CLANG_WARN_EMPTY_BODY = YES;
				CLANG_WARN_ENUM_CONVERSION = YES;
				CLANG_WARN_INFINITE_RECURSION = YES;
				CLANG_WARN_INT_CONVERSION = YES;
				CLANG_WARN_NON_LITERAL_NULL_CONVERSION = YES;
				CLANG_WARN_OBJC_IMPLICIT_RETAIN_SELF = YES;
				CLANG_WARN_OBJC_LITERAL_CONVERSION = YES;
				CLANG_WARN_OBJC_ROOT_CLASS = YES_ERROR;
				CLANG_WARN_QUOTED_INCLUDE_IN_FRAMEWORK_HEADER = YES;
				CLANG_WARN_RANGE_LOOP_ANALYSIS = YES;
				CLANG_WARN_STRICT_PROTOTYPES = YES;
				CLANG_WARN_SUSPICIOUS_MOVE = YES;
				CLANG_WARN_UNGUARDED_AVAILABILITY = YES_AGGRESSIVE;
				CLANG_WARN_UNREACHABLE_CODE = YES;
				CLANG_WARN__DUPLICATE_METHOD_MATCH = YES;
				COPY_PHASE_STRIP = NO;
				DEBUG_INFORMATION_FORMAT = dwarf;
				ENABLE_STRICT_OBJC_MSGSEND = YES;
				ENABLE_TESTABILITY = YES;
				GCC_C_LANGUAGE_STANDARD = gnu11;
				GCC_DYNAMIC_NO_PIC = NO;
				GCC_NO_COMMON_BLOCKS = YES;
				GCC_OPTIMIZATION_LEVEL = 0;
				GCC_PREPROCESSOR_DEFINITIONS = (
					"DEBUG=1",
					"$(inherited)",
				);
				GCC_WARN_64_TO_32_BIT_CONVERSION = YES;
				GCC_WARN_ABOUT_RETURN_TYPE = YES_ERROR;
				GCC_WARN_UNDECLARED_SELECTOR = YES;
				GCC_WARN_UNINITIALIZED_AUTOS = YES_AGGRESSIVE;
				GCC_WARN_UNUSED_FUNCTION = YES;
				GCC_WARN_UNUSED_VARIABLE = YES;
				IPHONEOS_DEPLOYMENT_TARGET = 14.3;
				MTL_ENABLE_DEBUG_INFO = INCLUDE_SOURCE;
				MTL_FAST_MATH = YES;
				ONLY_ACTIVE_ARCH = YES;
				SDKROOT = iphoneos;
				SWIFT_ACTIVE_COMPILATION_CONDITIONS = DEBUG;
				SWIFT_OPTIMIZATION_LEVEL = "-Onone";
			};
			name = Debug;
		};
		526B351125B6430E00BAE8D9 /* Release */ = {
			isa = XCBuildConfiguration;
			buildSettings = {
				ALWAYS_SEARCH_USER_PATHS = NO;
				CLANG_ANALYZER_NONNULL = YES;
				CLANG_ANALYZER_NUMBER_OBJECT_CONVERSION = YES_AGGRESSIVE;
				CLANG_CXX_LANGUAGE_STANDARD = "gnu++14";
				CLANG_CXX_LIBRARY = "libc++";
				CLANG_ENABLE_MODULES = YES;
				CLANG_ENABLE_OBJC_ARC = YES;
				CLANG_ENABLE_OBJC_WEAK = YES;
				CLANG_WARN_BLOCK_CAPTURE_AUTORELEASING = YES;
				CLANG_WARN_BOOL_CONVERSION = YES;
				CLANG_WARN_COMMA = YES;
				CLANG_WARN_CONSTANT_CONVERSION = YES;
				CLANG_WARN_DEPRECATED_OBJC_IMPLEMENTATIONS = YES;
				CLANG_WARN_DIRECT_OBJC_ISA_USAGE = YES_ERROR;
				CLANG_WARN_DOCUMENTATION_COMMENTS = YES;
				CLANG_WARN_EMPTY_BODY = YES;
				CLANG_WARN_ENUM_CONVERSION = YES;
				CLANG_WARN_INFINITE_RECURSION = YES;
				CLANG_WARN_INT_CONVERSION = YES;
				CLANG_WARN_NON_LITERAL_NULL_CONVERSION = YES;
				CLANG_WARN_OBJC_IMPLICIT_RETAIN_SELF = YES;
				CLANG_WARN_OBJC_LITERAL_CONVERSION = YES;
				CLANG_WARN_OBJC_ROOT_CLASS = YES_ERROR;
				CLANG_WARN_QUOTED_INCLUDE_IN_FRAMEWORK_HEADER = YES;
				CLANG_WARN_RANGE_LOOP_ANALYSIS = YES;
				CLANG_WARN_STRICT_PROTOTYPES = YES;
				CLANG_WARN_SUSPICIOUS_MOVE = YES;
				CLANG_WARN_UNGUARDED_AVAILABILITY = YES_AGGRESSIVE;
				CLANG_WARN_UNREACHABLE_CODE = YES;
				CLANG_WARN__DUPLICATE_METHOD_MATCH = YES;
				COPY_PHASE_STRIP = NO;
				DEBUG_INFORMATION_FORMAT = "dwarf-with-dsym";
				ENABLE_NS_ASSERTIONS = NO;
				ENABLE_STRICT_OBJC_MSGSEND = YES;
				GCC_C_LANGUAGE_STANDARD = gnu11;
				GCC_NO_COMMON_BLOCKS = YES;
				GCC_WARN_64_TO_32_BIT_CONVERSION = YES;
				GCC_WARN_ABOUT_RETURN_TYPE = YES_ERROR;
				GCC_WARN_UNDECLARED_SELECTOR = YES;
				GCC_WARN_UNINITIALIZED_AUTOS = YES_AGGRESSIVE;
				GCC_WARN_UNUSED_FUNCTION = YES;
				GCC_WARN_UNUSED_VARIABLE = YES;
				IPHONEOS_DEPLOYMENT_TARGET = 14.3;
				MTL_ENABLE_DEBUG_INFO = NO;
				MTL_FAST_MATH = YES;
				SDKROOT = iphoneos;
				SWIFT_COMPILATION_MODE = wholemodule;
				SWIFT_OPTIMIZATION_LEVEL = "-O";
				VALIDATE_PRODUCT = YES;
			};
			name = Release;
		};
		526B351325B6430E00BAE8D9 /* Debug */ = {
			isa = XCBuildConfiguration;
			buildSettings = {
				ASSETCATALOG_COMPILER_APPICON_NAME = AppIcon;
				ASSETCATALOG_COMPILER_GLOBAL_ACCENT_COLOR_NAME = AccentColor;
				CODE_SIGN_STYLE = Automatic;
				DEVELOPMENT_TEAM = AYHFX5HL8Z;
				INFOPLIST_FILE = "Recipe and Calorie Manager/Info.plist";
				LD_RUNPATH_SEARCH_PATHS = (
					"$(inherited)",
					"@executable_path/Frameworks",
				);
				PRODUCT_BUNDLE_IDENTIFIER = "com.giljetomo.Recipe-and-Calorie-Manager";
				PRODUCT_NAME = "$(TARGET_NAME)";
				SWIFT_VERSION = 5.0;
				TARGETED_DEVICE_FAMILY = "1,2";
			};
			name = Debug;
		};
		526B351425B6430E00BAE8D9 /* Release */ = {
			isa = XCBuildConfiguration;
			buildSettings = {
				ASSETCATALOG_COMPILER_APPICON_NAME = AppIcon;
				ASSETCATALOG_COMPILER_GLOBAL_ACCENT_COLOR_NAME = AccentColor;
				CODE_SIGN_STYLE = Automatic;
				DEVELOPMENT_TEAM = AYHFX5HL8Z;
				INFOPLIST_FILE = "Recipe and Calorie Manager/Info.plist";
				LD_RUNPATH_SEARCH_PATHS = (
					"$(inherited)",
					"@executable_path/Frameworks",
				);
				PRODUCT_BUNDLE_IDENTIFIER = "com.giljetomo.Recipe-and-Calorie-Manager";
				PRODUCT_NAME = "$(TARGET_NAME)";
				SWIFT_VERSION = 5.0;
				TARGETED_DEVICE_FAMILY = "1,2";
			};
			name = Release;
		};
/* End XCBuildConfiguration section */

/* Begin XCConfigurationList section */
		526B34F925B6430700BAE8D9 /* Build configuration list for PBXProject "Recipe and Calorie Manager" */ = {
			isa = XCConfigurationList;
			buildConfigurations = (
				526B351025B6430E00BAE8D9 /* Debug */,
				526B351125B6430E00BAE8D9 /* Release */,
			);
			defaultConfigurationIsVisible = 0;
			defaultConfigurationName = Release;
		};
		526B351225B6430E00BAE8D9 /* Build configuration list for PBXNativeTarget "Recipe and Calorie Manager" */ = {
			isa = XCConfigurationList;
			buildConfigurations = (
				526B351325B6430E00BAE8D9 /* Debug */,
				526B351425B6430E00BAE8D9 /* Release */,
			);
			defaultConfigurationIsVisible = 0;
			defaultConfigurationName = Release;
		};
/* End XCConfigurationList section */

/* Begin XCVersionGroup section */
		2E792C4F25BB7DB100515D76 /* RecipeAndCalorieManagerModel.xcdatamodeld */ = {
			isa = XCVersionGroup;
			children = (
				2E792C5025BB7DB100515D76 /* RecipeAndCalorieManagerModel.xcdatamodel */,
			);
			currentVersion = 2E792C5025BB7DB100515D76 /* RecipeAndCalorieManagerModel.xcdatamodel */;
			path = RecipeAndCalorieManagerModel.xcdatamodeld;
			sourceTree = "<group>";
			versionGroupType = wrapper.xcdatamodel;
		};
/* End XCVersionGroup section */
	};
	rootObject = 526B34F625B6430700BAE8D9 /* Project object */;
}
