// !$*UTF8*$!
{
	archiveVersion = 1;
	classes = {
	};
	objectVersion = 50;
	objects = {

/* Begin PBXBuildFile section */
		526B350225B6430700BAE8D9 /* AppDelegate.swift in Sources */ = {isa = PBXBuildFile; fileRef = 526B350125B6430700BAE8D9 /* AppDelegate.swift */; };
		526B350425B6430700BAE8D9 /* SceneDelegate.swift in Sources */ = {isa = PBXBuildFile; fileRef = 526B350325B6430700BAE8D9 /* SceneDelegate.swift */; };
		526B350625B6430700BAE8D9 /* ViewController.swift in Sources */ = {isa = PBXBuildFile; fileRef = 526B350525B6430700BAE8D9 /* ViewController.swift */; };
		526B350925B6430700BAE8D9 /* Main.storyboard in Resources */ = {isa = PBXBuildFile; fileRef = 526B350725B6430700BAE8D9 /* Main.storyboard */; };
		526B350B25B6430E00BAE8D9 /* Assets.xcassets in Resources */ = {isa = PBXBuildFile; fileRef = 526B350A25B6430E00BAE8D9 /* Assets.xcassets */; };
		526B350E25B6430E00BAE8D9 /* LaunchScreen.storyboard in Resources */ = {isa = PBXBuildFile; fileRef = 526B350C25B6430E00BAE8D9 /* LaunchScreen.storyboard */; };
		526B351B25B64D6500BAE8D9 /* Nutrition.swift in Sources */ = {isa = PBXBuildFile; fileRef = 526B351A25B64D6500BAE8D9 /* Nutrition.swift */; };
		526B352225B6609100BAE8D9 /* API.swift in Sources */ = {isa = PBXBuildFile; fileRef = 526B352125B6609100BAE8D9 /* API.swift */; };
		52FF46BD25B6799600B3888F /* NutritionAPI.swift in Sources */ = {isa = PBXBuildFile; fileRef = 52FF46BC25B6799600B3888F /* NutritionAPI.swift */; };
/* End PBXBuildFile section */

/* Begin PBXFileReference section */
		526B34FE25B6430700BAE8D9 /* Recipe and Calorie Manager.app */ = {isa = PBXFileReference; explicitFileType = wrapper.application; includeInIndex = 0; path = "Recipe and Calorie Manager.app"; sourceTree = BUILT_PRODUCTS_DIR; };
		526B350125B6430700BAE8D9 /* AppDelegate.swift */ = {isa = PBXFileReference; lastKnownFileType = sourcecode.swift; path = AppDelegate.swift; sourceTree = "<group>"; };
		526B350325B6430700BAE8D9 /* SceneDelegate.swift */ = {isa = PBXFileReference; lastKnownFileType = sourcecode.swift; path = SceneDelegate.swift; sourceTree = "<group>"; };
		526B350525B6430700BAE8D9 /* ViewController.swift */ = {isa = PBXFileReference; lastKnownFileType = sourcecode.swift; path = ViewController.swift; sourceTree = "<group>"; };
		526B350825B6430700BAE8D9 /* Base */ = {isa = PBXFileReference; lastKnownFileType = file.storyboard; name = Base; path = Base.lproj/Main.storyboard; sourceTree = "<group>"; };
		526B350A25B6430E00BAE8D9 /* Assets.xcassets */ = {isa = PBXFileReference; lastKnownFileType = folder.assetcatalog; path = Assets.xcassets; sourceTree = "<group>"; };
		526B350D25B6430E00BAE8D9 /* Base */ = {isa = PBXFileReference; lastKnownFileType = file.storyboard; name = Base; path = Base.lproj/LaunchScreen.storyboard; sourceTree = "<group>"; };
		526B350F25B6430E00BAE8D9 /* Info.plist */ = {isa = PBXFileReference; lastKnownFileType = text.plist.xml; path = Info.plist; sourceTree = "<group>"; };
		526B351A25B64D6500BAE8D9 /* Nutrition.swift */ = {isa = PBXFileReference; lastKnownFileType = sourcecode.swift; path = Nutrition.swift; sourceTree = "<group>"; };
		526B352125B6609100BAE8D9 /* API.swift */ = {isa = PBXFileReference; lastKnownFileType = sourcecode.swift; path = API.swift; sourceTree = "<group>"; };
		52FF46BC25B6799600B3888F /* NutritionAPI.swift */ = {isa = PBXFileReference; fileEncoding = 4; lastKnownFileType = sourcecode.swift; path = NutritionAPI.swift; sourceTree = "<group>"; };
/* End PBXFileReference section */

/* Begin PBXFrameworksBuildPhase section */
		526B34FB25B6430700BAE8D9 /* Frameworks */ = {
			isa = PBXFrameworksBuildPhase;
			buildActionMask = 2147483647;
			files = (
			);
			runOnlyForDeploymentPostprocessing = 0;
		};
/* End PBXFrameworksBuildPhase section */

/* Begin PBXGroup section */
		526B34F525B6430700BAE8D9 = {
			isa = PBXGroup;
			children = (
				526B350025B6430700BAE8D9 /* Recipe and Calorie Manager */,
				526B34FF25B6430700BAE8D9 /* Products */,
			);
			sourceTree = "<group>";
		};
		526B34FF25B6430700BAE8D9 /* Products */ = {
			isa = PBXGroup;
			children = (
				526B34FE25B6430700BAE8D9 /* Recipe and Calorie Manager.app */,
			);
			name = Products;
			sourceTree = "<group>";
		};
		526B350025B6430700BAE8D9 /* Recipe and Calorie Manager */ = {
			isa = PBXGroup;
			children = (
				526B351925B64D0A00BAE8D9 /* API */,
				526B350125B6430700BAE8D9 /* AppDelegate.swift */,
				526B350325B6430700BAE8D9 /* SceneDelegate.swift */,
				526B350525B6430700BAE8D9 /* ViewController.swift */,
				526B350725B6430700BAE8D9 /* Main.storyboard */,
				526B350A25B6430E00BAE8D9 /* Assets.xcassets */,
				526B350C25B6430E00BAE8D9 /* LaunchScreen.storyboard */,
				526B350F25B6430E00BAE8D9 /* Info.plist */,
			);
			path = "Recipe and Calorie Manager";
			sourceTree = "<group>";
		};
		526B351925B64D0A00BAE8D9 /* API */ = {
			isa = PBXGroup;
			children = (
				526B351A25B64D6500BAE8D9 /* Nutrition.swift */,
				52FF46BC25B6799600B3888F /* NutritionAPI.swift */,
				526B352125B6609100BAE8D9 /* API.swift */,
			);
			path = API;
			sourceTree = "<group>";
		};
/* End PBXGroup section */

/* Begin PBXNativeTarget section */
		526B34FD25B6430700BAE8D9 /* Recipe and Calorie Manager */ = {
			isa = PBXNativeTarget;
			buildConfigurationList = 526B351225B6430E00BAE8D9 /* Build configuration list for PBXNativeTarget "Recipe and Calorie Manager" */;
			buildPhases = (
				526B34FA25B6430700BAE8D9 /* Sources */,
				526B34FB25B6430700BAE8D9 /* Frameworks */,
				526B34FC25B6430700BAE8D9 /* Resources */,
			);
			buildRules = (
			);
			dependencies = (
			);
			name = "Recipe and Calorie Manager";
			productName = "Recipe and Calorie Manager";
			productReference = 526B34FE25B6430700BAE8D9 /* Recipe and Calorie Manager.app */;
			productType = "com.apple.product-type.application";
		};
/* End PBXNativeTarget section */

/* Begin PBXProject section */
		526B34F625B6430700BAE8D9 /* Project object */ = {
			isa = PBXProject;
			attributes = {
				LastSwiftUpdateCheck = 1230;
				LastUpgradeCheck = 1230;
				TargetAttributes = {
					526B34FD25B6430700BAE8D9 = {
						CreatedOnToolsVersion = 12.3;
					};
				};
			};
			buildConfigurationList = 526B34F925B6430700BAE8D9 /* Build configuration list for PBXProject "Recipe and Calorie Manager" */;
			compatibilityVersion = "Xcode 9.3";
			developmentRegion = en;
			hasScannedForEncodings = 0;
			knownRegions = (
				en,
				Base,
			);
			mainGroup = 526B34F525B6430700BAE8D9;
			productRefGroup = 526B34FF25B6430700BAE8D9 /* Products */;
			projectDirPath = "";
			projectRoot = "";
			targets = (
				526B34FD25B6430700BAE8D9 /* Recipe and Calorie Manager */,
			);
		};
/* End PBXProject section */

/* Begin PBXResourcesBuildPhase section */
		526B34FC25B6430700BAE8D9 /* Resources */ = {
			isa = PBXResourcesBuildPhase;
			buildActionMask = 2147483647;
			files = (
				526B350E25B6430E00BAE8D9 /* LaunchScreen.storyboard in Resources */,
				526B350B25B6430E00BAE8D9 /* Assets.xcassets in Resources */,
				526B350925B6430700BAE8D9 /* Main.storyboard in Resources */,
			);
			runOnlyForDeploymentPostprocessing = 0;
		};
/* End PBXResourcesBuildPhase section */

/* Begin PBXSourcesBuildPhase section */
		526B34FA25B6430700BAE8D9 /* Sources */ = {
			isa = PBXSourcesBuildPhase;
			buildActionMask = 2147483647;
			files = (
				526B350625B6430700BAE8D9 /* ViewController.swift in Sources */,
				52FF46BD25B6799600B3888F /* NutritionAPI.swift in Sources */,
				526B350225B6430700BAE8D9 /* AppDelegate.swift in Sources */,
				526B351B25B64D6500BAE8D9 /* Nutrition.swift in Sources */,
				526B350425B6430700BAE8D9 /* SceneDelegate.swift in Sources */,
				526B352225B6609100BAE8D9 /* API.swift in Sources */,
			);
			runOnlyForDeploymentPostprocessing = 0;
		};
/* End PBXSourcesBuildPhase section */

/* Begin PBXVariantGroup section */
		526B350725B6430700BAE8D9 /* Main.storyboard */ = {
			isa = PBXVariantGroup;
			children = (
				526B350825B6430700BAE8D9 /* Base */,
			);
			name = Main.storyboard;
			sourceTree = "<group>";
		};
		526B350C25B6430E00BAE8D9 /* LaunchScreen.storyboard */ = {
			isa = PBXVariantGroup;
			children = (
				526B350D25B6430E00BAE8D9 /* Base */,
			);
			name = LaunchScreen.storyboard;
			sourceTree = "<group>";
		};
/* End PBXVariantGroup section */

/* Begin XCBuildConfiguration section */
		526B351025B6430E00BAE8D9 /* Debug */ = {
			isa = XCBuildConfiguration;
			buildSettings = {
				ALWAYS_SEARCH_USER_PATHS = NO;
				CLANG_ANALYZER_NONNULL = YES;
				CLANG_ANALYZER_NUMBER_OBJECT_CONVERSION = YES_AGGRESSIVE;
				CLANG_CXX_LANGUAGE_STANDARD = "gnu++14";
				CLANG_CXX_LIBRARY = "libc++";
				CLANG_ENABLE_MODULES = YES;
				CLANG_ENABLE_OBJC_ARC = YES;
				CLANG_ENABLE_OBJC_WEAK = YES;
				CLANG_WARN_BLOCK_CAPTURE_AUTORELEASING = YES;
				CLANG_WARN_BOOL_CONVERSION = YES;
				CLANG_WARN_COMMA = YES;
				CLANG_WARN_CONSTANT_CONVERSION = YES;
				CLANG_WARN_DEPRECATED_OBJC_IMPLEMENTATIONS = YES;
				CLANG_WARN_DIRECT_OBJC_ISA_USAGE = YES_ERROR;
				CLANG_WARN_DOCUMENTATION_COMMENTS = YES;
				CLANG_WARN_EMPTY_BODY = YES;
				CLANG_WARN_ENUM_CONVERSION = YES;
				CLANG_WARN_INFINITE_RECURSION = YES;
				CLANG_WARN_INT_CONVERSION = YES;
				CLANG_WARN_NON_LITERAL_NULL_CONVERSION = YES;
				CLANG_WARN_OBJC_IMPLICIT_RETAIN_SELF = YES;
				CLANG_WARN_OBJC_LITERAL_CONVERSION = YES;
				CLANG_WARN_OBJC_ROOT_CLASS = YES_ERROR;
				CLANG_WARN_QUOTED_INCLUDE_IN_FRAMEWORK_HEADER = YES;
				CLANG_WARN_RANGE_LOOP_ANALYSIS = YES;
				CLANG_WARN_STRICT_PROTOTYPES = YES;
				CLANG_WARN_SUSPICIOUS_MOVE = YES;
				CLANG_WARN_UNGUARDED_AVAILABILITY = YES_AGGRESSIVE;
				CLANG_WARN_UNREACHABLE_CODE = YES;
				CLANG_WARN__DUPLICATE_METHOD_MATCH = YES;
				COPY_PHASE_STRIP = NO;
				DEBUG_INFORMATION_FORMAT = dwarf;
				ENABLE_STRICT_OBJC_MSGSEND = YES;
				ENABLE_TESTABILITY = YES;
				GCC_C_LANGUAGE_STANDARD = gnu11;
				GCC_DYNAMIC_NO_PIC = NO;
				GCC_NO_COMMON_BLOCKS = YES;
				GCC_OPTIMIZATION_LEVEL = 0;
				GCC_PREPROCESSOR_DEFINITIONS = (
					"DEBUG=1",
					"$(inherited)",
				);
				GCC_WARN_64_TO_32_BIT_CONVERSION = YES;
				GCC_WARN_ABOUT_RETURN_TYPE = YES_ERROR;
				GCC_WARN_UNDECLARED_SELECTOR = YES;
				GCC_WARN_UNINITIALIZED_AUTOS = YES_AGGRESSIVE;
				GCC_WARN_UNUSED_FUNCTION = YES;
				GCC_WARN_UNUSED_VARIABLE = YES;
				IPHONEOS_DEPLOYMENT_TARGET = 14.3;
				MTL_ENABLE_DEBUG_INFO = INCLUDE_SOURCE;
				MTL_FAST_MATH = YES;
				ONLY_ACTIVE_ARCH = YES;
				SDKROOT = iphoneos;
				SWIFT_ACTIVE_COMPILATION_CONDITIONS = DEBUG;
				SWIFT_OPTIMIZATION_LEVEL = "-Onone";
			};
			name = Debug;
		};
		526B351125B6430E00BAE8D9 /* Release */ = {
			isa = XCBuildConfiguration;
			buildSettings = {
				ALWAYS_SEARCH_USER_PATHS = NO;
				CLANG_ANALYZER_NONNULL = YES;
				CLANG_ANALYZER_NUMBER_OBJECT_CONVERSION = YES_AGGRESSIVE;
				CLANG_CXX_LANGUAGE_STANDARD = "gnu++14";
				CLANG_CXX_LIBRARY = "libc++";
				CLANG_ENABLE_MODULES = YES;
				CLANG_ENABLE_OBJC_ARC = YES;
				CLANG_ENABLE_OBJC_WEAK = YES;
				CLANG_WARN_BLOCK_CAPTURE_AUTORELEASING = YES;
				CLANG_WARN_BOOL_CONVERSION = YES;
				CLANG_WARN_COMMA = YES;
				CLANG_WARN_CONSTANT_CONVERSION = YES;
				CLANG_WARN_DEPRECATED_OBJC_IMPLEMENTATIONS = YES;
				CLANG_WARN_DIRECT_OBJC_ISA_USAGE = YES_ERROR;
				CLANG_WARN_DOCUMENTATION_COMMENTS = YES;
				CLANG_WARN_EMPTY_BODY = YES;
				CLANG_WARN_ENUM_CONVERSION = YES;
				CLANG_WARN_INFINITE_RECURSION = YES;
				CLANG_WARN_INT_CONVERSION = YES;
				CLANG_WARN_NON_LITERAL_NULL_CONVERSION = YES;
				CLANG_WARN_OBJC_IMPLICIT_RETAIN_SELF = YES;
				CLANG_WARN_OBJC_LITERAL_CONVERSION = YES;
				CLANG_WARN_OBJC_ROOT_CLASS = YES_ERROR;
				CLANG_WARN_QUOTED_INCLUDE_IN_FRAMEWORK_HEADER = YES;
				CLANG_WARN_RANGE_LOOP_ANALYSIS = YES;
				CLANG_WARN_STRICT_PROTOTYPES = YES;
				CLANG_WARN_SUSPICIOUS_MOVE = YES;
				CLANG_WARN_UNGUARDED_AVAILABILITY = YES_AGGRESSIVE;
				CLANG_WARN_UNREACHABLE_CODE = YES;
				CLANG_WARN__DUPLICATE_METHOD_MATCH = YES;
				COPY_PHASE_STRIP = NO;
				DEBUG_INFORMATION_FORMAT = "dwarf-with-dsym";
				ENABLE_NS_ASSERTIONS = NO;
				ENABLE_STRICT_OBJC_MSGSEND = YES;
				GCC_C_LANGUAGE_STANDARD = gnu11;
				GCC_NO_COMMON_BLOCKS = YES;
				GCC_WARN_64_TO_32_BIT_CONVERSION = YES;
				GCC_WARN_ABOUT_RETURN_TYPE = YES_ERROR;
				GCC_WARN_UNDECLARED_SELECTOR = YES;
				GCC_WARN_UNINITIALIZED_AUTOS = YES_AGGRESSIVE;
				GCC_WARN_UNUSED_FUNCTION = YES;
				GCC_WARN_UNUSED_VARIABLE = YES;
				IPHONEOS_DEPLOYMENT_TARGET = 14.3;
				MTL_ENABLE_DEBUG_INFO = NO;
				MTL_FAST_MATH = YES;
				SDKROOT = iphoneos;
				SWIFT_COMPILATION_MODE = wholemodule;
				SWIFT_OPTIMIZATION_LEVEL = "-O";
				VALIDATE_PRODUCT = YES;
			};
			name = Release;
		};
		526B351325B6430E00BAE8D9 /* Debug */ = {
			isa = XCBuildConfiguration;
			buildSettings = {
				ASSETCATALOG_COMPILER_APPICON_NAME = AppIcon;
				ASSETCATALOG_COMPILER_GLOBAL_ACCENT_COLOR_NAME = AccentColor;
				CODE_SIGN_STYLE = Automatic;
				DEVELOPMENT_TEAM = AYHFX5HL8Z;
				INFOPLIST_FILE = "Recipe and Calorie Manager/Info.plist";
				LD_RUNPATH_SEARCH_PATHS = (
					"$(inherited)",
					"@executable_path/Frameworks",
				);
				PRODUCT_BUNDLE_IDENTIFIER = "com.giljetomo.Recipe-and-Calorie-Manager";
				PRODUCT_NAME = "$(TARGET_NAME)";
				SWIFT_VERSION = 5.0;
				TARGETED_DEVICE_FAMILY = "1,2";
			};
			name = Debug;
		};
		526B351425B6430E00BAE8D9 /* Release */ = {
			isa = XCBuildConfiguration;
			buildSettings = {
				ASSETCATALOG_COMPILER_APPICON_NAME = AppIcon;
				ASSETCATALOG_COMPILER_GLOBAL_ACCENT_COLOR_NAME = AccentColor;
				CODE_SIGN_STYLE = Automatic;
				DEVELOPMENT_TEAM = AYHFX5HL8Z;
				INFOPLIST_FILE = "Recipe and Calorie Manager/Info.plist";
				LD_RUNPATH_SEARCH_PATHS = (
					"$(inherited)",
					"@executable_path/Frameworks",
				);
				PRODUCT_BUNDLE_IDENTIFIER = "com.giljetomo.Recipe-and-Calorie-Manager";
				PRODUCT_NAME = "$(TARGET_NAME)";
				SWIFT_VERSION = 5.0;
				TARGETED_DEVICE_FAMILY = "1,2";
			};
			name = Release;
		};
/* End XCBuildConfiguration section */

/* Begin XCConfigurationList section */
		526B34F925B6430700BAE8D9 /* Build configuration list for PBXProject "Recipe and Calorie Manager" */ = {
			isa = XCConfigurationList;
			buildConfigurations = (
				526B351025B6430E00BAE8D9 /* Debug */,
				526B351125B6430E00BAE8D9 /* Release */,
			);
			defaultConfigurationIsVisible = 0;
			defaultConfigurationName = Release;
		};
		526B351225B6430E00BAE8D9 /* Build configuration list for PBXNativeTarget "Recipe and Calorie Manager" */ = {
			isa = XCConfigurationList;
			buildConfigurations = (
				526B351325B6430E00BAE8D9 /* Debug */,
				526B351425B6430E00BAE8D9 /* Release */,
			);
			defaultConfigurationIsVisible = 0;
			defaultConfigurationName = Release;
		};
/* End XCConfigurationList section */
	};
	rootObject = 526B34F625B6430700BAE8D9 /* Project object */;
}
